<?xml version="1.0" encoding="utf-8"?>
<Project ToolsVersion="4.0" xmlns="http://schemas.microsoft.com/developer/msbuild/2003">
  <ItemGroup>
    <ClCompile Include="..\AlienBreak\EntryPoint.cpp" />
    <ClCompile Include="AlienBreak.cpp" />
  </ItemGroup>
  <ItemGroup>
    <ClInclude Include="AlienBreak.h" />
    <ClInclude Include="..\..\MyGame_\MyGame\Resource Files\Resource.h">
      <Filter>Resource Files</Filter>
    </ClInclude>
    <ClInclude Include="..\..\MyGame_\MyGame\Resource Files\targetver.h">
      <Filter>Resource Files</Filter>
    </ClInclude>
  </ItemGroup>
  <ItemGroup>
    <Filter Include="Resource Files">
      <UniqueIdentifier>{3eb7c4c6-0a8e-4ab9-a17c-43e94108263a}</UniqueIdentifier>
    </Filter>
  </ItemGroup>
  <ItemGroup>
    <ResourceCompile Include="..\..\MyGame_\MyGame\Resource Files\MyGame.rc">
      <Filter>Resource Files</Filter>
    </ResourceCompile>
  </ItemGroup>
  <ItemGroup>
    <Image Include="..\..\MyGame_\MyGame\Resource Files\eaeAlien.ico">
      <Filter>Resource Files</Filter>
    </Image>
    <Image Include="..\..\MyGame_\MyGame\Resource Files\eaeGamePad.ico">
      <Filter>Resource Files</Filter>
    </Image>
    <Image Include="..\..\MyGame_\MyGame\Resource Files\vsDefault_large.ico">
      <Filter>Resource Files</Filter>
    </Image>
    <Image Include="..\..\MyGame_\MyGame\Resource Files\vsDefault_small.ico">
      <Filter>Resource Files</Filter>
    </Image>
  </ItemGroup>
</Project>