<?xml version="1.0" encoding="utf-8"?>
<Project ToolsVersion="4.0" xmlns="http://schemas.microsoft.com/developer/msbuild/2003">
  <ItemGroup>
    <Filter Include="Resource Files">
      <UniqueIdentifier>{67DA6AB6-F800-4c08-8B7A-83BB121AAD01}</UniqueIdentifier>
      <Extensions>rc;ico;cur;bmp;dlg;rc2;rct;bin;rgs;gif;jpg;jpeg;jpe;resx;tiff;tif;png;wav;mfcribbon-ms</Extensions>
    </Filter>
  </ItemGroup>
  <ItemGroup>
    <ClCompile Include="cEntityAI.cpp" />
    <ClCompile Include="cEntity.cpp" />
    <ClCompile Include="cGameObject.cpp" />
    <ClCompile Include="cBoundingBox.cpp" />
    <ClCompile Include="BodyEntity.cpp" />
  </ItemGroup>
  <ItemGroup>
    <ClInclude Include="cEntityAI.h" />
    <ClInclude Include="cEntity.h" />
    <ClInclude Include="cGameObject.h" />
    <ClInclude Include="cBoundingBox.h" />
    <ClInclude Include="BodyEntity.h" />
    <ClInclude Include="BallBodyEntity.h" />
    <ClInclude Include="AlienBodyEntity.h" />
    <ClInclude Include="WallBodyEntity.h" />
    <ClInclude Include="PlayerBodyEntity.h" />
    <ClInclude Include="DeathBodyEntity.h" />
  </ItemGroup>
</Project>