<?xml version="1.0" encoding="utf-8"?>
<Project ToolsVersion="4.0" xmlns="http://schemas.microsoft.com/developer/msbuild/2003">
  <ItemGroup>
    <ClCompile Include="cAudioBuilder.cpp" />
    <ClCompile Include="EntryPoint.cpp" />
  </ItemGroup>
  <ItemGroup>
    <ClInclude Include="cAudioBuilder.h" />
    <ClInclude Include="Windows\ExternalLibraries.win.h">
      <Filter>Windows</Filter>
    </ClInclude>
  </ItemGroup>
  <ItemGroup>
    <Filter Include="Windows">
      <UniqueIdentifier>{1710e9cc-c884-44de-996e-4655b0646a10}</UniqueIdentifier>
    </Filter>
  </ItemGroup>
</Project>